
Microsoft Visual Studio Solution File, Format Version 12.00
# Visual Studio 15
Project("{FAE04EC0-301F-11D3-BF4B-00C04F79EFBC}") = "Assembly-CSharp", "Assembly-CSharp.csproj", "{FC4366E3-DEF2-A119-0D5D-A31818561978}"
EndProject
Project("{FAE04EC0-301F-11D3-BF4B-00C04F79EFBC}") = "Assembly-CSharp-Editor", "Assembly-CSharp-Editor.csproj", "{5CDE1889-1FFC-E62E-6892-13452B5837C7}"
EndProject
Global
	GlobalSection(SolutionConfigurationPlatforms) = preSolution
		Debug|Any CPU = Debug|Any CPU
		Release|Any CPU = Release|Any CPU
	EndGlobalSection
	GlobalSection(ProjectConfigurationPlatforms) = postSolution
		{FC4366E3-DEF2-A119-0D5D-A31818561978}.Debug|Any CPU.ActiveCfg = Debug|Any CPU
		{FC4366E3-DEF2-A119-0D5D-A31818561978}.Debug|Any CPU.Build.0 = Debug|Any CPU
		{FC4366E3-DEF2-A119-0D5D-A31818561978}.Release|Any CPU.ActiveCfg = Release|Any CPU
		{FC4366E3-DEF2-A119-0D5D-A31818561978}.Release|Any CPU.Build.0 = Release|Any CPU
		{5CDE1889-1FFC-E62E-6892-13452B5837C7}.Debug|Any CPU.ActiveCfg = Debug|Any CPU
		{5CDE1889-1FFC-E62E-6892-13452B5837C7}.Debug|Any CPU.Build.0 = Debug|Any CPU
		{5CDE1889-1FFC-E62E-6892-13452B5837C7}.Release|Any CPU.ActiveCfg = Release|Any CPU
		{5CDE1889-1FFC-E62E-6892-13452B5837C7}.Release|Any CPU.Build.0 = Release|Any CPU
	EndGlobalSection
	GlobalSection(SolutionProperties) = preSolution
		HideSolutionNode = FALSE
	EndGlobalSection
EndGlobal
